
Microsoft Visual Studio Solution File, Format Version 12.00
# Visual Studio 15
VisualStudioVersion = 15.0.27703.2026
MinimumVisualStudioVersion = 10.0.40219.1
Project("{FAE04EC0-301F-11D3-BF4B-00C04F79EFBC}") = "Exercise 1 - using List", "Exercise 1 - using List\Exercise 1 - using List.csproj", "{80E736C4-BB21-4A28-A14B-34CB3C0F0B69}"
EndProject
Global
	GlobalSection(SolutionConfigurationPlatforms) = preSolution
		Debug|Any CPU = Debug|Any CPU
		Release|Any CPU = Release|Any CPU
	EndGlobalSection
	GlobalSection(ProjectConfigurationPlatforms) = postSolution
		{80E736C4-BB21-4A28-A14B-34CB3C0F0B69}.Debug|Any CPU.ActiveCfg = Debug|Any CPU
		{80E736C4-BB21-4A28-A14B-34CB3C0F0B69}.Debug|Any CPU.Build.0 = Debug|Any CPU
		{80E736C4-BB21-4A28-A14B-34CB3C0F0B69}.Release|Any CPU.ActiveCfg = Release|Any CPU
		{80E736C4-BB21-4A28-A14B-34CB3C0F0B69}.Release|Any CPU.Build.0 = Release|Any CPU
	EndGlobalSection
	GlobalSection(SolutionProperties) = preSolution
		HideSolutionNode = FALSE
	EndGlobalSection
	GlobalSection(ExtensibilityGlobals) = postSolution
		SolutionGuid = {C2555829-73F7-48E6-AE10-34E6A3120AE9}
	EndGlobalSection
EndGlobal
