
Microsoft Visual Studio Solution File, Format Version 12.00
# Visual Studio 15
VisualStudioVersion = 15.0.27703.2026
MinimumVisualStudioVersion = 10.0.40219.1
Project("{FAE04EC0-301F-11D3-BF4B-00C04F79EFBC}") = "Multiplication Table with use 'for'", "Multiplication Table with use 'for'\Multiplication Table with use 'for'.csproj", "{D03B64A0-5C02-46ED-B682-C3DDFD3AF308}"
EndProject
Global
	GlobalSection(SolutionConfigurationPlatforms) = preSolution
		Debug|Any CPU = Debug|Any CPU
		Release|Any CPU = Release|Any CPU
	EndGlobalSection
	GlobalSection(ProjectConfigurationPlatforms) = postSolution
		{D03B64A0-5C02-46ED-B682-C3DDFD3AF308}.Debug|Any CPU.ActiveCfg = Debug|Any CPU
		{D03B64A0-5C02-46ED-B682-C3DDFD3AF308}.Debug|Any CPU.Build.0 = Debug|Any CPU
		{D03B64A0-5C02-46ED-B682-C3DDFD3AF308}.Release|Any CPU.ActiveCfg = Release|Any CPU
		{D03B64A0-5C02-46ED-B682-C3DDFD3AF308}.Release|Any CPU.Build.0 = Release|Any CPU
	EndGlobalSection
	GlobalSection(SolutionProperties) = preSolution
		HideSolutionNode = FALSE
	EndGlobalSection
	GlobalSection(ExtensibilityGlobals) = postSolution
		SolutionGuid = {D9DF4CE4-5176-4D6D-8030-AA0403E02146}
	EndGlobalSection
EndGlobal
