
Microsoft Visual Studio Solution File, Format Version 12.00
# Visual Studio 15
VisualStudioVersion = 15.0.27703.2026
MinimumVisualStudioVersion = 10.0.40219.1
Project("{FAE04EC0-301F-11D3-BF4B-00C04F79EFBC}") = "BMI", "BMI\BMI.csproj", "{A67DC312-122A-4378-875B-85C47F4E84EA}"
EndProject
Global
	GlobalSection(SolutionConfigurationPlatforms) = preSolution
		Debug|Any CPU = Debug|Any CPU
		Release|Any CPU = Release|Any CPU
	EndGlobalSection
	GlobalSection(ProjectConfigurationPlatforms) = postSolution
		{A67DC312-122A-4378-875B-85C47F4E84EA}.Debug|Any CPU.ActiveCfg = Debug|Any CPU
		{A67DC312-122A-4378-875B-85C47F4E84EA}.Debug|Any CPU.Build.0 = Debug|Any CPU
		{A67DC312-122A-4378-875B-85C47F4E84EA}.Release|Any CPU.ActiveCfg = Release|Any CPU
		{A67DC312-122A-4378-875B-85C47F4E84EA}.Release|Any CPU.Build.0 = Release|Any CPU
	EndGlobalSection
	GlobalSection(SolutionProperties) = preSolution
		HideSolutionNode = FALSE
	EndGlobalSection
	GlobalSection(ExtensibilityGlobals) = postSolution
		SolutionGuid = {A527EDC5-D018-43B5-9E15-8E3FC3106F22}
	EndGlobalSection
EndGlobal
