
Microsoft Visual Studio Solution File, Format Version 12.00
# Visual Studio 15
VisualStudioVersion = 15.0.27703.2026
MinimumVisualStudioVersion = 10.0.40219.1
Project("{FAE04EC0-301F-11D3-BF4B-00C04F79EFBC}") = "Multiplication of three numbers", "Multiplication of three numbers\Multiplication of three numbers.csproj", "{D5C4B37A-E832-4734-B6AF-24E8AB6875E6}"
EndProject
Global
	GlobalSection(SolutionConfigurationPlatforms) = preSolution
		Debug|Any CPU = Debug|Any CPU
		Release|Any CPU = Release|Any CPU
	EndGlobalSection
	GlobalSection(ProjectConfigurationPlatforms) = postSolution
		{D5C4B37A-E832-4734-B6AF-24E8AB6875E6}.Debug|Any CPU.ActiveCfg = Debug|Any CPU
		{D5C4B37A-E832-4734-B6AF-24E8AB6875E6}.Debug|Any CPU.Build.0 = Debug|Any CPU
		{D5C4B37A-E832-4734-B6AF-24E8AB6875E6}.Release|Any CPU.ActiveCfg = Release|Any CPU
		{D5C4B37A-E832-4734-B6AF-24E8AB6875E6}.Release|Any CPU.Build.0 = Release|Any CPU
	EndGlobalSection
	GlobalSection(SolutionProperties) = preSolution
		HideSolutionNode = FALSE
	EndGlobalSection
	GlobalSection(ExtensibilityGlobals) = postSolution
		SolutionGuid = {FA5F3B17-24F1-457E-9058-566727BEE202}
	EndGlobalSection
EndGlobal
