
Microsoft Visual Studio Solution File, Format Version 12.00
# Visual Studio 15
VisualStudioVersion = 15.0.27703.2026
MinimumVisualStudioVersion = 10.0.40219.1
Project("{FAE04EC0-301F-11D3-BF4B-00C04F79EFBC}") = "Odd numbers in Array", "Odd numbers in Array\Odd numbers in Array.csproj", "{0B3591F7-C59B-40DF-8B74-08825131271A}"
EndProject
Global
	GlobalSection(SolutionConfigurationPlatforms) = preSolution
		Debug|Any CPU = Debug|Any CPU
		Release|Any CPU = Release|Any CPU
	EndGlobalSection
	GlobalSection(ProjectConfigurationPlatforms) = postSolution
		{0B3591F7-C59B-40DF-8B74-08825131271A}.Debug|Any CPU.ActiveCfg = Debug|Any CPU
		{0B3591F7-C59B-40DF-8B74-08825131271A}.Debug|Any CPU.Build.0 = Debug|Any CPU
		{0B3591F7-C59B-40DF-8B74-08825131271A}.Release|Any CPU.ActiveCfg = Release|Any CPU
		{0B3591F7-C59B-40DF-8B74-08825131271A}.Release|Any CPU.Build.0 = Release|Any CPU
	EndGlobalSection
	GlobalSection(SolutionProperties) = preSolution
		HideSolutionNode = FALSE
	EndGlobalSection
	GlobalSection(ExtensibilityGlobals) = postSolution
		SolutionGuid = {E25C7E18-B429-4062-9841-983FE048448F}
	EndGlobalSection
EndGlobal
