
Microsoft Visual Studio Solution File, Format Version 12.00
# Visual Studio 15
VisualStudioVersion = 15.0.27703.2026
MinimumVisualStudioVersion = 10.0.40219.1
Project("{FAE04EC0-301F-11D3-BF4B-00C04F79EFBC}") = "Create a file and write an array of strings", "Create a file and write an array of strings\Create a file and write an array of strings.csproj", "{C58D659B-8D93-4118-BD28-889528414817}"
EndProject
Global
	GlobalSection(SolutionConfigurationPlatforms) = preSolution
		Debug|Any CPU = Debug|Any CPU
		Release|Any CPU = Release|Any CPU
	EndGlobalSection
	GlobalSection(ProjectConfigurationPlatforms) = postSolution
		{C58D659B-8D93-4118-BD28-889528414817}.Debug|Any CPU.ActiveCfg = Debug|Any CPU
		{C58D659B-8D93-4118-BD28-889528414817}.Debug|Any CPU.Build.0 = Debug|Any CPU
		{C58D659B-8D93-4118-BD28-889528414817}.Release|Any CPU.ActiveCfg = Release|Any CPU
		{C58D659B-8D93-4118-BD28-889528414817}.Release|Any CPU.Build.0 = Release|Any CPU
	EndGlobalSection
	GlobalSection(SolutionProperties) = preSolution
		HideSolutionNode = FALSE
	EndGlobalSection
	GlobalSection(ExtensibilityGlobals) = postSolution
		SolutionGuid = {1BE86627-85C2-43B8-B0E6-8FCD22B365BB}
	EndGlobalSection
EndGlobal
