
Microsoft Visual Studio Solution File, Format Version 12.00
# Visual Studio 15
VisualStudioVersion = 15.0.27703.2026
MinimumVisualStudioVersion = 10.0.40219.1
Project("{FAE04EC0-301F-11D3-BF4B-00C04F79EFBC}") = "Current Date", "Current Date\Current Date.csproj", "{C16E9C18-2F75-4A26-A3F2-02F54E08852A}"
EndProject
Global
	GlobalSection(SolutionConfigurationPlatforms) = preSolution
		Debug|Any CPU = Debug|Any CPU
		Release|Any CPU = Release|Any CPU
	EndGlobalSection
	GlobalSection(ProjectConfigurationPlatforms) = postSolution
		{C16E9C18-2F75-4A26-A3F2-02F54E08852A}.Debug|Any CPU.ActiveCfg = Debug|Any CPU
		{C16E9C18-2F75-4A26-A3F2-02F54E08852A}.Debug|Any CPU.Build.0 = Debug|Any CPU
		{C16E9C18-2F75-4A26-A3F2-02F54E08852A}.Release|Any CPU.ActiveCfg = Release|Any CPU
		{C16E9C18-2F75-4A26-A3F2-02F54E08852A}.Release|Any CPU.Build.0 = Release|Any CPU
	EndGlobalSection
	GlobalSection(SolutionProperties) = preSolution
		HideSolutionNode = FALSE
	EndGlobalSection
	GlobalSection(ExtensibilityGlobals) = postSolution
		SolutionGuid = {7A385A74-887B-4980-8847-3A77AAEB7399}
	EndGlobalSection
EndGlobal
