
Microsoft Visual Studio Solution File, Format Version 12.00
# Visual Studio 15
VisualStudioVersion = 15.0.27703.2026
MinimumVisualStudioVersion = 10.0.40219.1
Project("{FAE04EC0-301F-11D3-BF4B-00C04F79EFBC}") = "Find the length of a string", "Find the length of a string\Find the length of a string.csproj", "{59C16CF9-CC08-4FA0-9B0D-9C1302128F73}"
EndProject
Global
	GlobalSection(SolutionConfigurationPlatforms) = preSolution
		Debug|Any CPU = Debug|Any CPU
		Release|Any CPU = Release|Any CPU
	EndGlobalSection
	GlobalSection(ProjectConfigurationPlatforms) = postSolution
		{59C16CF9-CC08-4FA0-9B0D-9C1302128F73}.Debug|Any CPU.ActiveCfg = Debug|Any CPU
		{59C16CF9-CC08-4FA0-9B0D-9C1302128F73}.Debug|Any CPU.Build.0 = Debug|Any CPU
		{59C16CF9-CC08-4FA0-9B0D-9C1302128F73}.Release|Any CPU.ActiveCfg = Release|Any CPU
		{59C16CF9-CC08-4FA0-9B0D-9C1302128F73}.Release|Any CPU.Build.0 = Release|Any CPU
	EndGlobalSection
	GlobalSection(SolutionProperties) = preSolution
		HideSolutionNode = FALSE
	EndGlobalSection
	GlobalSection(ExtensibilityGlobals) = postSolution
		SolutionGuid = {087D5046-235F-4512-96EF-DBAC7B72D26C}
	EndGlobalSection
EndGlobal
