
Microsoft Visual Studio Solution File, Format Version 12.00
# Visual Studio 15
VisualStudioVersion = 15.0.27703.2026
MinimumVisualStudioVersion = 10.0.40219.1
Project("{FAE04EC0-301F-11D3-BF4B-00C04F79EFBC}") = "Hardware Informations", "Hardware Informations\Hardware Informations.csproj", "{7ABB92E8-6D80-4100-A341-53A10938200E}"
EndProject
Global
	GlobalSection(SolutionConfigurationPlatforms) = preSolution
		Debug|Any CPU = Debug|Any CPU
		Release|Any CPU = Release|Any CPU
	EndGlobalSection
	GlobalSection(ProjectConfigurationPlatforms) = postSolution
		{7ABB92E8-6D80-4100-A341-53A10938200E}.Debug|Any CPU.ActiveCfg = Debug|Any CPU
		{7ABB92E8-6D80-4100-A341-53A10938200E}.Debug|Any CPU.Build.0 = Debug|Any CPU
		{7ABB92E8-6D80-4100-A341-53A10938200E}.Release|Any CPU.ActiveCfg = Release|Any CPU
		{7ABB92E8-6D80-4100-A341-53A10938200E}.Release|Any CPU.Build.0 = Release|Any CPU
	EndGlobalSection
	GlobalSection(SolutionProperties) = preSolution
		HideSolutionNode = FALSE
	EndGlobalSection
	GlobalSection(ExtensibilityGlobals) = postSolution
		SolutionGuid = {26E12743-C79F-4C9F-A206-4E2B3B73D8DF}
	EndGlobalSection
EndGlobal
