
Microsoft Visual Studio Solution File, Format Version 12.00
# Visual Studio 15
VisualStudioVersion = 15.0.27703.2026
MinimumVisualStudioVersion = 10.0.40219.1
Project("{FAE04EC0-301F-11D3-BF4B-00C04F79EFBC}") = "Sum of elements values in array", "Sum of elements values in array\Sum of elements values in array.csproj", "{F194C663-3F3F-475B-8D5B-46DE6BC670C0}"
EndProject
Global
	GlobalSection(SolutionConfigurationPlatforms) = preSolution
		Debug|Any CPU = Debug|Any CPU
		Release|Any CPU = Release|Any CPU
	EndGlobalSection
	GlobalSection(ProjectConfigurationPlatforms) = postSolution
		{F194C663-3F3F-475B-8D5B-46DE6BC670C0}.Debug|Any CPU.ActiveCfg = Debug|Any CPU
		{F194C663-3F3F-475B-8D5B-46DE6BC670C0}.Debug|Any CPU.Build.0 = Debug|Any CPU
		{F194C663-3F3F-475B-8D5B-46DE6BC670C0}.Release|Any CPU.ActiveCfg = Release|Any CPU
		{F194C663-3F3F-475B-8D5B-46DE6BC670C0}.Release|Any CPU.Build.0 = Release|Any CPU
	EndGlobalSection
	GlobalSection(SolutionProperties) = preSolution
		HideSolutionNode = FALSE
	EndGlobalSection
	GlobalSection(ExtensibilityGlobals) = postSolution
		SolutionGuid = {257AADE7-1DE7-4923-9F44-6C4CA9F2347A}
	EndGlobalSection
EndGlobal
