
Microsoft Visual Studio Solution File, Format Version 12.00
# Visual Studio 15
VisualStudioVersion = 15.0.27703.2026
MinimumVisualStudioVersion = 10.0.40219.1
Project("{FAE04EC0-301F-11D3-BF4B-00C04F79EFBC}") = "Positive or negative number", "Positive or negative number\Positive or negative number.csproj", "{DF1CC5AA-00B0-44CD-8F18-E6409803DCBA}"
EndProject
Global
	GlobalSection(SolutionConfigurationPlatforms) = preSolution
		Debug|Any CPU = Debug|Any CPU
		Release|Any CPU = Release|Any CPU
	EndGlobalSection
	GlobalSection(ProjectConfigurationPlatforms) = postSolution
		{DF1CC5AA-00B0-44CD-8F18-E6409803DCBA}.Debug|Any CPU.ActiveCfg = Debug|Any CPU
		{DF1CC5AA-00B0-44CD-8F18-E6409803DCBA}.Debug|Any CPU.Build.0 = Debug|Any CPU
		{DF1CC5AA-00B0-44CD-8F18-E6409803DCBA}.Release|Any CPU.ActiveCfg = Release|Any CPU
		{DF1CC5AA-00B0-44CD-8F18-E6409803DCBA}.Release|Any CPU.Build.0 = Release|Any CPU
	EndGlobalSection
	GlobalSection(SolutionProperties) = preSolution
		HideSolutionNode = FALSE
	EndGlobalSection
	GlobalSection(ExtensibilityGlobals) = postSolution
		SolutionGuid = {418FD569-EE6C-44BF-BEEA-F2C750A05393}
	EndGlobalSection
EndGlobal
