
Microsoft Visual Studio Solution File, Format Version 12.00
# Visual Studio 15
VisualStudioVersion = 15.0.27703.2026
MinimumVisualStudioVersion = 10.0.40219.1
Project("{FAE04EC0-301F-11D3-BF4B-00C04F79EFBC}") = "Dane pracownika", "Dane pracownika\Dane pracownika.csproj", "{B6C3D43B-EFED-4B84-ABAE-B7AFCBB72FF0}"
EndProject
Global
	GlobalSection(SolutionConfigurationPlatforms) = preSolution
		Debug|Any CPU = Debug|Any CPU
		Release|Any CPU = Release|Any CPU
	EndGlobalSection
	GlobalSection(ProjectConfigurationPlatforms) = postSolution
		{B6C3D43B-EFED-4B84-ABAE-B7AFCBB72FF0}.Debug|Any CPU.ActiveCfg = Debug|Any CPU
		{B6C3D43B-EFED-4B84-ABAE-B7AFCBB72FF0}.Debug|Any CPU.Build.0 = Debug|Any CPU
		{B6C3D43B-EFED-4B84-ABAE-B7AFCBB72FF0}.Release|Any CPU.ActiveCfg = Release|Any CPU
		{B6C3D43B-EFED-4B84-ABAE-B7AFCBB72FF0}.Release|Any CPU.Build.0 = Release|Any CPU
	EndGlobalSection
	GlobalSection(SolutionProperties) = preSolution
		HideSolutionNode = FALSE
	EndGlobalSection
	GlobalSection(ExtensibilityGlobals) = postSolution
		SolutionGuid = {3752582C-1C76-45DA-99E5-BD91ED00A74A}
	EndGlobalSection
EndGlobal
