
Microsoft Visual Studio Solution File, Format Version 12.00
# Visual Studio 15
VisualStudioVersion = 15.0.27703.2026
MinimumVisualStudioVersion = 10.0.40219.1
Project("{FAE04EC0-301F-11D3-BF4B-00C04F79EFBC}") = "Create file with text and read the file", "Create file with text and read the file\Create file with text and read the file.csproj", "{1FAB8E66-1884-4A2F-8A83-5316300E8F01}"
EndProject
Global
	GlobalSection(SolutionConfigurationPlatforms) = preSolution
		Debug|Any CPU = Debug|Any CPU
		Release|Any CPU = Release|Any CPU
	EndGlobalSection
	GlobalSection(ProjectConfigurationPlatforms) = postSolution
		{1FAB8E66-1884-4A2F-8A83-5316300E8F01}.Debug|Any CPU.ActiveCfg = Debug|Any CPU
		{1FAB8E66-1884-4A2F-8A83-5316300E8F01}.Debug|Any CPU.Build.0 = Debug|Any CPU
		{1FAB8E66-1884-4A2F-8A83-5316300E8F01}.Release|Any CPU.ActiveCfg = Release|Any CPU
		{1FAB8E66-1884-4A2F-8A83-5316300E8F01}.Release|Any CPU.Build.0 = Release|Any CPU
	EndGlobalSection
	GlobalSection(SolutionProperties) = preSolution
		HideSolutionNode = FALSE
	EndGlobalSection
	GlobalSection(ExtensibilityGlobals) = postSolution
		SolutionGuid = {F13CF4F5-1467-4C67-8527-CDD831D1361F}
	EndGlobalSection
EndGlobal
